
Microsoft Visual Studio Solution File, Format Version 12.00
# Visual Studio Version 17
VisualStudioVersion = 17.4.33103.184
MinimumVisualStudioVersion = 10.0.40219.1
Project("{FAE04EC0-301F-11D3-BF4B-00C04F79EFBC}") = "HTMLGenerator", "HTMLGenerator.csproj", "{D5C652F3-DC7A-4A57-B077-E9DB2C772A68}"
EndProject
Project("{FAE04EC0-301F-11D3-BF4B-00C04F79EFBC}") = "HTMLGeneratorLibrary", "..\HTMLGeneratorLibrary\HTMLGeneratorLibrary.csproj", "{61B719AE-C8B3-4A4B-A5BE-D3DE64FF8CC3}"
EndProject
Global
	GlobalSection(SolutionConfigurationPlatforms) = preSolution
		Debug|Any CPU = Debug|Any CPU
		Release|Any CPU = Release|Any CPU
	EndGlobalSection
	GlobalSection(ProjectConfigurationPlatforms) = postSolution
		{D5C652F3-DC7A-4A57-B077-E9DB2C772A68}.Debug|Any CPU.ActiveCfg = Debug|Any CPU
		{D5C652F3-DC7A-4A57-B077-E9DB2C772A68}.Debug|Any CPU.Build.0 = Debug|Any CPU
		{D5C652F3-DC7A-4A57-B077-E9DB2C772A68}.Release|Any CPU.ActiveCfg = Release|Any CPU
		{D5C652F3-DC7A-4A57-B077-E9DB2C772A68}.Release|Any CPU.Build.0 = Release|Any CPU
		{61B719AE-C8B3-4A4B-A5BE-D3DE64FF8CC3}.Debug|Any CPU.ActiveCfg = Debug|Any CPU
		{61B719AE-C8B3-4A4B-A5BE-D3DE64FF8CC3}.Debug|Any CPU.Build.0 = Debug|Any CPU
		{61B719AE-C8B3-4A4B-A5BE-D3DE64FF8CC3}.Release|Any CPU.ActiveCfg = Release|Any CPU
		{61B719AE-C8B3-4A4B-A5BE-D3DE64FF8CC3}.Release|Any CPU.Build.0 = Release|Any CPU
	EndGlobalSection
	GlobalSection(SolutionProperties) = preSolution
		HideSolutionNode = FALSE
	EndGlobalSection
	GlobalSection(ExtensibilityGlobals) = postSolution
		SolutionGuid = {DF8E01B6-7F02-4415-A0EA-2466AB0F12F0}
	EndGlobalSection
EndGlobal
